
Microsoft Visual Studio Solution File, Format Version 12.00
# Visual Studio Version 17
VisualStudioVersion = 17.10.35004.147
MinimumVisualStudioVersion = 10.0.40219.1
Project("{9A19103F-16F7-4668-BE54-9A1E7A4F7556}") = "ExtMap.Patcher", "57kmExtMap.Patcher\ExtMap.Patcher.csproj", "{0837F52E-1643-4D4A-910D-9DCE785B6D87}"
EndProject
Project("{9A19103F-16F7-4668-BE54-9A1E7A4F7556}") = "ExtMap.PDX", "57kmExtMap.PDX\ExtMap.PDX.csproj", "{867D6406-BEE3-46D9-9E8F-05ADE6E1C1DA}"
EndProject
Global
	GlobalSection(SolutionConfigurationPlatforms) = preSolution
		Debug|Any CPU = Debug|Any CPU
		Release|Any CPU = Release|Any CPU
	EndGlobalSection
	GlobalSection(ProjectConfigurationPlatforms) = postSolution
		{0837F52E-1643-4D4A-910D-9DCE785B6D87}.Debug|Any CPU.ActiveCfg = Debug|Any CPU
		{0837F52E-1643-4D4A-910D-9DCE785B6D87}.Debug|Any CPU.Build.0 = Debug|Any CPU
		{0837F52E-1643-4D4A-910D-9DCE785B6D87}.Release|Any CPU.ActiveCfg = Release|Any CPU
		{0837F52E-1643-4D4A-910D-9DCE785B6D87}.Release|Any CPU.Build.0 = Release|Any CPU
		{867D6406-BEE3-46D9-9E8F-05ADE6E1C1DA}.Debug|Any CPU.ActiveCfg = Debug|Any CPU
		{867D6406-BEE3-46D9-9E8F-05ADE6E1C1DA}.Debug|Any CPU.Build.0 = Debug|Any CPU
		{867D6406-BEE3-46D9-9E8F-05ADE6E1C1DA}.Release|Any CPU.ActiveCfg = Release|Any CPU
		{867D6406-BEE3-46D9-9E8F-05ADE6E1C1DA}.Release|Any CPU.Build.0 = Release|Any CPU
	EndGlobalSection
	GlobalSection(SolutionProperties) = preSolution
		HideSolutionNode = FALSE
	EndGlobalSection
	GlobalSection(ExtensibilityGlobals) = postSolution
		SolutionGuid = {8AD6D836-BB76-44C4-9051-28CB351F545F}
	EndGlobalSection
EndGlobal
